
Microsoft Visual Studio Solution File, Format Version 12.00
# Visual Studio 2012
Project("{FAE04EC0-301F-11D3-BF4B-00C04F79EFBC}") = "WebScraper", "WebScraper\WebScraper.csproj", "{4B04B336-505E-4E17-A775-2FC7739FFB70}"
EndProject
Project("{FAE04EC0-301F-11D3-BF4B-00C04F79EFBC}") = "WebScraper.iOS", "iOS\WebScraper.iOS.csproj", "{FF4C296C-BDA5-428B-BBE2-B75A25C8E591}"
EndProject
Project("{FAE04EC0-301F-11D3-BF4B-00C04F79EFBC}") = "WebScraper.Droid", "Droid\WebScraper.Droid.csproj", "{A9B766DC-8351-43FE-A275-EC4EF2A57AE4}"
EndProject
Global
	GlobalSection(SolutionConfigurationPlatforms) = preSolution
		Debug|Any CPU = Debug|Any CPU
		Release|Any CPU = Release|Any CPU
		Debug|iPhoneSimulator = Debug|iPhoneSimulator
		Release|iPhone = Release|iPhone
		Release|iPhoneSimulator = Release|iPhoneSimulator
		Debug|iPhone = Debug|iPhone
	EndGlobalSection
	GlobalSection(ProjectConfigurationPlatforms) = postSolution
		{4B04B336-505E-4E17-A775-2FC7739FFB70}.Debug|Any CPU.ActiveCfg = Debug|Any CPU
		{4B04B336-505E-4E17-A775-2FC7739FFB70}.Debug|Any CPU.Build.0 = Debug|Any CPU
		{4B04B336-505E-4E17-A775-2FC7739FFB70}.Release|Any CPU.ActiveCfg = Release|Any CPU
		{4B04B336-505E-4E17-A775-2FC7739FFB70}.Release|Any CPU.Build.0 = Release|Any CPU
		{4B04B336-505E-4E17-A775-2FC7739FFB70}.Debug|iPhoneSimulator.ActiveCfg = Debug|Any CPU
		{4B04B336-505E-4E17-A775-2FC7739FFB70}.Debug|iPhoneSimulator.Build.0 = Debug|Any CPU
		{4B04B336-505E-4E17-A775-2FC7739FFB70}.Release|iPhone.ActiveCfg = Release|Any CPU
		{4B04B336-505E-4E17-A775-2FC7739FFB70}.Release|iPhone.Build.0 = Release|Any CPU
		{4B04B336-505E-4E17-A775-2FC7739FFB70}.Release|iPhoneSimulator.ActiveCfg = Release|Any CPU
		{4B04B336-505E-4E17-A775-2FC7739FFB70}.Release|iPhoneSimulator.Build.0 = Release|Any CPU
		{4B04B336-505E-4E17-A775-2FC7739FFB70}.Debug|iPhone.ActiveCfg = Debug|Any CPU
		{4B04B336-505E-4E17-A775-2FC7739FFB70}.Debug|iPhone.Build.0 = Debug|Any CPU
		{FF4C296C-BDA5-428B-BBE2-B75A25C8E591}.Debug|Any CPU.ActiveCfg = Debug|iPhoneSimulator
		{FF4C296C-BDA5-428B-BBE2-B75A25C8E591}.Debug|Any CPU.Build.0 = Debug|iPhoneSimulator
		{FF4C296C-BDA5-428B-BBE2-B75A25C8E591}.Release|Any CPU.ActiveCfg = Release|iPhone
		{FF4C296C-BDA5-428B-BBE2-B75A25C8E591}.Release|Any CPU.Build.0 = Release|iPhone
		{FF4C296C-BDA5-428B-BBE2-B75A25C8E591}.Debug|iPhoneSimulator.ActiveCfg = Debug|iPhoneSimulator
		{FF4C296C-BDA5-428B-BBE2-B75A25C8E591}.Debug|iPhoneSimulator.Build.0 = Debug|iPhoneSimulator
		{FF4C296C-BDA5-428B-BBE2-B75A25C8E591}.Release|iPhone.ActiveCfg = Release|iPhone
		{FF4C296C-BDA5-428B-BBE2-B75A25C8E591}.Release|iPhone.Build.0 = Release|iPhone
		{FF4C296C-BDA5-428B-BBE2-B75A25C8E591}.Release|iPhoneSimulator.ActiveCfg = Release|iPhoneSimulator
		{FF4C296C-BDA5-428B-BBE2-B75A25C8E591}.Release|iPhoneSimulator.Build.0 = Release|iPhoneSimulator
		{FF4C296C-BDA5-428B-BBE2-B75A25C8E591}.Debug|iPhone.ActiveCfg = Debug|iPhone
		{FF4C296C-BDA5-428B-BBE2-B75A25C8E591}.Debug|iPhone.Build.0 = Debug|iPhone
		{A9B766DC-8351-43FE-A275-EC4EF2A57AE4}.Debug|Any CPU.ActiveCfg = Debug|Any CPU
		{A9B766DC-8351-43FE-A275-EC4EF2A57AE4}.Debug|Any CPU.Build.0 = Debug|Any CPU
		{A9B766DC-8351-43FE-A275-EC4EF2A57AE4}.Release|Any CPU.ActiveCfg = Release|Any CPU
		{A9B766DC-8351-43FE-A275-EC4EF2A57AE4}.Release|Any CPU.Build.0 = Release|Any CPU
		{A9B766DC-8351-43FE-A275-EC4EF2A57AE4}.Debug|iPhoneSimulator.ActiveCfg = Debug|Any CPU
		{A9B766DC-8351-43FE-A275-EC4EF2A57AE4}.Debug|iPhoneSimulator.Build.0 = Debug|Any CPU
		{A9B766DC-8351-43FE-A275-EC4EF2A57AE4}.Release|iPhone.ActiveCfg = Release|Any CPU
		{A9B766DC-8351-43FE-A275-EC4EF2A57AE4}.Release|iPhone.Build.0 = Release|Any CPU
		{A9B766DC-8351-43FE-A275-EC4EF2A57AE4}.Release|iPhoneSimulator.ActiveCfg = Release|Any CPU
		{A9B766DC-8351-43FE-A275-EC4EF2A57AE4}.Release|iPhoneSimulator.Build.0 = Release|Any CPU
		{A9B766DC-8351-43FE-A275-EC4EF2A57AE4}.Debug|iPhone.ActiveCfg = Debug|Any CPU
		{A9B766DC-8351-43FE-A275-EC4EF2A57AE4}.Debug|iPhone.Build.0 = Debug|Any CPU
	EndGlobalSection
EndGlobal
